{
  "version": 4,
  "terraform_version": "1.0.3",
  "serial": 3,
  "lineage": "10ec25b6-85b8-96ce-f804-c522a7b1f8a5",
  "outputs": {},
  "resources": [
    {
      "mode": "managed",
      "type": "google_compute_firewall",
      "name": "nodeports",
      "provider": "provider[\"registry.terraform.io/hashicorp/google\"]",
      "instances": [
        {
          "schema_version": 1,
          "attributes": {
            "allow": [
              {
                "ports": [
                  "30000-32767"
                ],
                "protocol": "tcp"
              }
            ],
            "creation_timestamp": "2021-07-30T07:34:26.791-07:00",
            "deny": [],
            "description": "",
            "destination_ranges": [],
            "direction": "INGRESS",
            "disabled": false,
            "enable_logging": null,
            "id": "projects/nodejs-demo2-320713/global/firewalls/node-port-range",
            "log_config": [],
            "name": "node-port-range",
            "network": "https://www.googleapis.com/compute/v1/projects/nodejs-demo2-320713/global/networks/default",
            "priority": 1000,
            "project": "nodejs-demo2-320713",
            "self_link": "https://www.googleapis.com/compute/v1/projects/nodejs-demo2-320713/global/firewalls/node-port-range",
            "source_ranges": [
              "0.0.0.0/0"
            ],
            "source_service_accounts": null,
            "source_tags": null,
            "target_service_accounts": null,
            "target_tags": null,
            "timeouts": null
          },
          "sensitive_attributes": [],
          "private": "eyJlMmJmYjczMC1lY2FhLTExZTYtOGY4OC0zNDM2M2JjN2M0YzAiOnsiY3JlYXRlIjoyNDAwMDAwMDAwMDAsImRlbGV0ZSI6MjQwMDAwMDAwMDAwLCJ1cGRhdGUiOjI0MDAwMDAwMDAwMH0sInNjaGVtYV92ZXJzaW9uIjoiMSJ9"
        }
      ]
    },
    {
      "mode": "managed",
      "type": "google_container_cluster",
      "name": "primary",
      "provider": "provider[\"registry.terraform.io/hashicorp/google\"]",
      "instances": [
        {
          "status": "tainted",
          "schema_version": 1,
          "attributes": {
            "addons_config": [
              {
                "cloudrun_config": [],
                "horizontal_pod_autoscaling": [],
                "http_load_balancing": [],
                "network_policy_config": [
                  {
                    "disabled": true
                  }
                ]
              }
            ],
            "authenticator_groups_config": [],
            "cluster_autoscaling": [
              {
                "auto_provisioning_defaults": [],
                "enabled": false,
                "resource_limits": []
              }
            ],
            "cluster_ipv4_cidr": "10.0.0.0/14",
            "database_encryption": [
              {
                "key_name": "",
                "state": "DECRYPTED"
              }
            ],
            "datapath_provider": "",
            "default_max_pods_per_node": null,
            "default_snat_status": [
              {
                "disabled": false
              }
            ],
            "description": "",
            "enable_autopilot": false,
            "enable_binary_authorization": false,
            "enable_intranode_visibility": false,
            "enable_kubernetes_alpha": false,
            "enable_legacy_abac": false,
            "enable_shielded_nodes": false,
            "enable_tpu": false,
            "endpoint": "34.123.47.133",
            "id": "projects/nodejs-demo2-320713/locations/us-central1-c/clusters/node-demo-k8s",
            "initial_node_count": 4,
            "instance_group_urls": [
              "https://www.googleapis.com/compute/v1/projects/nodejs-demo2-320713/zones/us-central1-c/instanceGroups/gke-node-demo-k8s-default-pool-9e8dbe8a-grp"
            ],
            "ip_allocation_policy": [],
            "label_fingerprint": "a9dc16a7",
            "location": "us-central1-c",
            "logging_service": "logging.googleapis.com/kubernetes",
            "maintenance_policy": [],
            "master_auth": [
              {
                "client_certificate": "",
                "client_certificate_config": [
                  {
                    "issue_client_certificate": false
                  }
                ],
                "client_key": "",
                "cluster_ca_certificate": "LS0tLS1CRUdJTiBDRVJUSUZJQ0FURS0tLS0tCk1JSURLekNDQWhPZ0F3SUJBZ0lSQU0vbFVBREJPWVZuZldlMVJGZmZoQlF3RFFZSktvWklodmNOQVFFTEJRQXcKTHpFdE1Dc0dBMVVFQXhNa1pXRTRNV1F6TmpVdE4yTTVZaTAwT0RreExXSTRZV1F0WldJNVl6a3hNamhtTkRCagpNQjRYRFRJeE1EY3pNREV6TXpReU9Gb1hEVEkyTURjeU9URTBNelF5T0Zvd0x6RXRNQ3NHQTFVRUF4TWtaV0U0Ck1XUXpOalV0TjJNNVlpMDBPRGt4TFdJNFlXUXRaV0k1WXpreE1qaG1OREJqTUlJQklqQU5CZ2txaGtpRzl3MEIKQVFFRkFBT0NBUThBTUlJQkNnS0NBUUVBNlQxS29hUXVGdVNJbHF5TTZHbDZPK1FzaGE0bTlWZ0ZyRjVBTUp5MgpkTjJNNUtRT2kwZXdneTZPYlZsNU5ER2FXOW8rS2JQSXBvNEVxTElaaXkySFNMMDFzOVpYR09qODY4UVhSSGJBCjlReFg3dE01azB6RW9sbkhqRFNZVUEwUklFbjVjVjkrdEpFbjhvU1llZFVwOEZKQXpGa05MV1IzOEJRTTFhQkMKeWJxNklFL2VVQkljcnBubWpONzlJUkNoOVp4TXNGZXNpZ1pLRmtrSmhDWU1za1BtU0NxZ2JidS8wTFV5YnoyegpFYkNFelNmSzhQR3VtaW1neXl5cnJUWXNQWld0SmNMWFcrK0d4b0diMHpLNFR0UDZWUjhjc0VCSURET1FjQWgxCkVmRHRNTmJnanhTTkZLWTdpbWRaRXJHMWdPWlJmV2VVZUhQM2VtOVhyMllDQndJREFRQUJvMEl3UURBT0JnTlYKSFE4QkFmOEVCQU1DQWdRd0R3WURWUjBUQVFIL0JBVXdBd0VCL3pBZEJnTlZIUTRFRmdRVThvZ2FCRWczSEFMWApkbDYrd3FMZitxd3ZMRzh3RFFZSktvWklodmNOQVFFTEJRQURnZ0VCQUYrT0E1QVZnbHZYTzROS2VjZ2I2Y2prClMxamZ0T3pmbGpQazdRTXM4QzNZRDFKWDVmaDUrRm9QRjEza2VacERDMGxHWElKZkpMZnBJK3AvZjBQanlodzMKY1dudkxDVHhaM0l4b2ltVHlpZE9HdFc1Rk9QU2JDN0R1TUNNUUk3L1hsSkY3OFA5RFZCKytUenVQR3YxdTkxMwp0aDlHZ2hxTUN5VE85TEpLY2hGT3hTVkRPNzhRRGhUQ1o5a3VERlVONnFBQmJGekR4cGlVSjFKM0EvN1FIK0RBCmt5eXZ0YWxvaXYweWtFVkI1b2Q5aGJQWGQvcERBand4TXVzRTgxN1I1RVliRVA3dmVEQVhIeHdOd24vTHBjKzMKbXE3bTNTNklvVUp3UFpjRlpTWnlHWFZCMzY4eGhVWFdLOEdOREQySlZnZ2RMYzQwZHNQMWxtU2xRbCtHT3pBPQotLS0tLUVORCBDRVJUSUZJQ0FURS0tLS0tCg==",
                "password": "",
                "username": ""
              }
            ],
            "master_authorized_networks_config": [],
            "master_version": "1.20.8-gke.900",
            "min_master_version": null,
            "monitoring_service": "monitoring.googleapis.com/kubernetes",
            "name": "node-demo-k8s",
            "network": "projects/nodejs-demo2-320713/global/networks/default",
            "network_policy": [
              {
                "enabled": false,
                "provider": "PROVIDER_UNSPECIFIED"
              }
            ],
            "networking_mode": "ROUTES",
            "node_config": [
              {
                "disk_size_gb": 100,
                "disk_type": "pd-standard",
                "guest_accelerator": [],
                "image_type": "COS_CONTAINERD",
                "labels": {},
                "local_ssd_count": 0,
                "machine_type": "e2-micro",
                "metadata": {
                  "disable-legacy-endpoints": "true"
                },
                "min_cpu_platform": "",
                "oauth_scopes": [
                  "https://www.googleapis.com/auth/compute",
                  "https://www.googleapis.com/auth/devstorage.read_only",
                  "https://www.googleapis.com/auth/logging.write",
                  "https://www.googleapis.com/auth/monitoring"
                ],
                "preemptible": true,
                "service_account": "default",
                "shielded_instance_config": [
                  {
                    "enable_integrity_monitoring": true,
                    "enable_secure_boot": false
                  }
                ],
                "tags": [
                  "node-demo-k8s"
                ],
                "taint": [],
                "workload_metadata_config": []
              }
            ],
            "node_locations": [],
            "node_pool": [
              {
                "autoscaling": [],
                "initial_node_count": 4,
                "instance_group_urls": [
                  "https://www.googleapis.com/compute/v1/projects/nodejs-demo2-320713/zones/us-central1-c/instanceGroupManagers/gke-node-demo-k8s-default-pool-9e8dbe8a-grp"
                ],
                "management": [
                  {
                    "auto_repair": true,
                    "auto_upgrade": true
                  }
                ],
                "max_pods_per_node": 0,
                "name": "default-pool",
                "name_prefix": "",
                "node_config": [
                  {
                    "disk_size_gb": 100,
                    "disk_type": "pd-standard",
                    "guest_accelerator": [],
                    "image_type": "COS_CONTAINERD",
                    "labels": {},
                    "local_ssd_count": 0,
                    "machine_type": "e2-micro",
                    "metadata": {
                      "disable-legacy-endpoints": "true"
                    },
                    "min_cpu_platform": "",
                    "oauth_scopes": [
                      "https://www.googleapis.com/auth/compute",
                      "https://www.googleapis.com/auth/devstorage.read_only",
                      "https://www.googleapis.com/auth/logging.write",
                      "https://www.googleapis.com/auth/monitoring"
                    ],
                    "preemptible": true,
                    "service_account": "default",
                    "shielded_instance_config": [
                      {
                        "enable_integrity_monitoring": true,
                        "enable_secure_boot": false
                      }
                    ],
                    "tags": [
                      "node-demo-k8s"
                    ],
                    "taint": [],
                    "workload_metadata_config": []
                  }
                ],
                "node_count": 4,
                "node_locations": [
                  "us-central1-c"
                ],
                "upgrade_settings": [
                  {
                    "max_surge": 1,
                    "max_unavailable": 0
                  }
                ],
                "version": "1.20.8-gke.900"
              }
            ],
            "node_version": "1.20.8-gke.900",
            "operation": null,
            "pod_security_policy_config": [],
            "private_cluster_config": [],
            "private_ipv6_google_access": "",
            "project": "nodejs-demo2-320713",
            "release_channel": [
              {
                "channel": "REGULAR"
              }
            ],
            "remove_default_node_pool": null,
            "resource_labels": null,
            "resource_usage_export_config": [],
            "self_link": "https://container.googleapis.com/v1beta1/projects/nodejs-demo2-320713/zones/us-central1-c/clusters/node-demo-k8s",
            "services_ipv4_cidr": "10.3.240.0/20",
            "subnetwork": "projects/nodejs-demo2-320713/regions/us-central1/subnetworks/default",
            "timeouts": {
              "create": "45m",
              "delete": null,
              "read": null,
              "update": "60m"
            },
            "tpu_ipv4_cidr_block": "",
            "vertical_pod_autoscaling": [],
            "workload_identity_config": []
          },
          "sensitive_attributes": [],
          "private": "eyJlMmJmYjczMC1lY2FhLTExZTYtOGY4OC0zNDM2M2JjN2M0YzAiOnsiY3JlYXRlIjoyNzAwMDAwMDAwMDAwLCJkZWxldGUiOjI0MDAwMDAwMDAwMDAsInJlYWQiOjI0MDAwMDAwMDAwMDAsInVwZGF0ZSI6MzYwMDAwMDAwMDAwMH0sInNjaGVtYV92ZXJzaW9uIjoiMSJ9"
        }
      ]
    }
  ]
}
