{
  "version": 4,
  "terraform_version": "1.0.3",
  "serial": 12,
  "lineage": "10ec25b6-85b8-96ce-f804-c522a7b1f8a5",
  "outputs": {},
  "resources": [
    {
      "mode": "managed",
      "type": "google_compute_firewall",
      "name": "nodeports",
      "provider": "provider[\"registry.terraform.io/hashicorp/google\"]",
      "instances": [
        {
          "schema_version": 1,
          "attributes": {
            "allow": [
              {
                "ports": [
                  "30000-32767",
                  "80",
                  "443",
                  "8080",
                  "22"
                ],
                "protocol": "tcp"
              },
              {
                "ports": [],
                "protocol": "icmp"
              }
            ],
            "creation_timestamp": "2021-08-13T06:09:01.740-07:00",
            "deny": [],
            "description": "",
            "destination_ranges": [],
            "direction": "INGRESS",
            "disabled": false,
            "enable_logging": null,
            "id": "projects/nodejs-demo2-320713/global/firewalls/node-port-range",
            "log_config": [],
            "name": "node-port-range",
            "network": "https://www.googleapis.com/compute/v1/projects/nodejs-demo2-320713/global/networks/default",
            "priority": 1000,
            "project": "nodejs-demo2-320713",
            "self_link": "https://www.googleapis.com/compute/v1/projects/nodejs-demo2-320713/global/firewalls/node-port-range",
            "source_ranges": [
              "0.0.0.0/0"
            ],
            "source_service_accounts": null,
            "source_tags": null,
            "target_service_accounts": null,
            "target_tags": null,
            "timeouts": null
          },
          "sensitive_attributes": [],
          "private": "eyJlMmJmYjczMC1lY2FhLTExZTYtOGY4OC0zNDM2M2JjN2M0YzAiOnsiY3JlYXRlIjoyNDAwMDAwMDAwMDAsImRlbGV0ZSI6MjQwMDAwMDAwMDAwLCJ1cGRhdGUiOjI0MDAwMDAwMDAwMH0sInNjaGVtYV92ZXJzaW9uIjoiMSJ9"
        }
      ]
    },
    {
      "mode": "managed",
      "type": "google_container_cluster",
      "name": "primary",
      "provider": "provider[\"registry.terraform.io/hashicorp/google\"]",
      "instances": [
        {
          "schema_version": 1,
          "attributes": {
            "addons_config": [
              {
                "cloudrun_config": [],
                "horizontal_pod_autoscaling": [],
                "http_load_balancing": [],
                "network_policy_config": [
                  {
                    "disabled": true
                  }
                ]
              }
            ],
            "authenticator_groups_config": [],
            "cluster_autoscaling": [
              {
                "auto_provisioning_defaults": [],
                "enabled": false,
                "resource_limits": []
              }
            ],
            "cluster_ipv4_cidr": "10.0.0.0/14",
            "database_encryption": [
              {
                "key_name": "",
                "state": "DECRYPTED"
              }
            ],
            "datapath_provider": "",
            "default_max_pods_per_node": null,
            "default_snat_status": [
              {
                "disabled": false
              }
            ],
            "description": "",
            "enable_autopilot": false,
            "enable_binary_authorization": false,
            "enable_intranode_visibility": false,
            "enable_kubernetes_alpha": false,
            "enable_legacy_abac": false,
            "enable_shielded_nodes": false,
            "enable_tpu": false,
            "endpoint": "35.202.229.8",
            "id": "projects/nodejs-demo2-320713/locations/us-central1-c/clusters/node-demo-k8s",
            "initial_node_count": 4,
            "instance_group_urls": [
              "https://www.googleapis.com/compute/v1/projects/nodejs-demo2-320713/zones/us-central1-c/instanceGroups/gke-node-demo-k8s-default-pool-44ed9d4d-grp"
            ],
            "ip_allocation_policy": [],
            "label_fingerprint": "a9dc16a7",
            "location": "us-central1-c",
            "logging_service": "logging.googleapis.com/kubernetes",
            "maintenance_policy": [],
            "master_auth": [
              {
                "client_certificate": "",
                "client_certificate_config": [
                  {
                    "issue_client_certificate": false
                  }
                ],
                "client_key": "",
                "cluster_ca_certificate": "LS0tLS1CRUdJTiBDRVJUSUZJQ0FURS0tLS0tCk1JSURLekNDQWhPZ0F3SUJBZ0lSQUxaU0pQSFNEeWtwb09jWWY2R0tGam93RFFZSktvWklodmNOQVFFTEJRQXcKTHpFdE1Dc0dBMVVFQXhNa09HSTVObUV4TnpndFpUQXpZeTAwTm1ZMkxUa3daVGt0WkRnM01XTTROVE14T0dNdwpNQjRYRFRJeE1EZ3hNekV5TURrd00xb1hEVEkyTURneE1qRXpNRGt3TTFvd0x6RXRNQ3NHQTFVRUF4TWtPR0k1Ck5tRXhOemd0WlRBell5MDBObVkyTFRrd1pUa3RaRGczTVdNNE5UTXhPR013TUlJQklqQU5CZ2txaGtpRzl3MEIKQVFFRkFBT0NBUThBTUlJQkNnS0NBUUVBdW1Yd1Z3bkxQT2tDbjB1MG1tak9vVCtzdE5KTHBERVB1ek5oS2t6cgpMMVhvRTN3Q0ZqeGZqZ2JtTEpON1M2alFuajg1K2NzNFNXTzduYXNKbFdFbHBMNENKS1BUWU55blNkZWpGMEl0CklINXlaNlNIOGhlak9xM3ROVURVcWdoam9jS0FNZk91eERDSGpscXVwYlBlamJEanRXSnA4UnRmV3RSRmZYWlYKU0xKMHhKZjQ4dzcvR2hQRkNnUS9UY0pyQ2FhMnVUOGhFcVNkd1AwRXRhNHZ4SGVKS1l3bWEyMlBnUnFvYmIwOAovb1U3YlFOMTRtSVY0SWtsajkzUTZ1ZUtHc3hTSHl1UWZXOGJlNFlKaGxoeDVrWkErMTBERTFhTkgvZnZKb1Z0ClMvaVRoblB4ZVh3ek1xK1RDbFFlUVdkM0R3N2FycWEzY1ZaWDNid2s2Y0tqc3dJREFRQUJvMEl3UURBT0JnTlYKSFE4QkFmOEVCQU1DQWdRd0R3WURWUjBUQVFIL0JBVXdBd0VCL3pBZEJnTlZIUTRFRmdRVXJ6SXpTTkVvZ2V3YQpNMlBiTk84dWZtZ2NSS0V3RFFZSktvWklodmNOQVFFTEJRQURnZ0VCQUxWdHZWTlVLTjRvekdxN0kwY1hvT0xJCjJHc1hPZDJva1B4bWxkeC92Y1VEZGV3TkRCcTRlMVRoaGo5SEtka1ZOdmJYMWd1TXh2dDU3dmN0ZTd4ZGdPcmEKN1BTS3NKdzBOVThaTUs5Z3ZxUHBjYld0ZG9VSjdrbEx2dkVtN2c1N29qLzJhWHROR0Z2OGRRK1dqK1kraUxHQwpxU01OSTFRQjY2b1dLY3pzSzBrTTYzVVZsbU5pNXI4TS85dmFCNFZHVEFpNzZTM3lDbCttMTJrSnR2M0JKVk9oCmVUWm90YzQ1RmhGQnl1NHNBZk82NFZpd0t6ZWg5UDVMYUJFUU1TY3dlbUlFMkcyS3NFQjI2WUQ4VVJCeDU4OWcKaUg4M0tKWUhmOU5WS2s4WEZRRzdEd2paVklnUEJQbTl1YXIyWmZDaUFxU1U1NmVjV2M5VWtYd1VxZnVxTWI0PQotLS0tLUVORCBDRVJUSUZJQ0FURS0tLS0tCg==",
                "password": "",
                "username": ""
              }
            ],
            "master_authorized_networks_config": [],
            "master_version": "1.20.8-gke.900",
            "min_master_version": null,
            "monitoring_service": "monitoring.googleapis.com/kubernetes",
            "name": "node-demo-k8s",
            "network": "projects/nodejs-demo2-320713/global/networks/default",
            "network_policy": [
              {
                "enabled": false,
                "provider": "PROVIDER_UNSPECIFIED"
              }
            ],
            "networking_mode": "ROUTES",
            "node_config": [
              {
                "disk_size_gb": 100,
                "disk_type": "pd-standard",
                "guest_accelerator": [],
                "image_type": "COS_CONTAINERD",
                "labels": {},
                "local_ssd_count": 0,
                "machine_type": "e2-micro",
                "metadata": {
                  "disable-legacy-endpoints": "true"
                },
                "min_cpu_platform": "",
                "oauth_scopes": [
                  "https://www.googleapis.com/auth/compute",
                  "https://www.googleapis.com/auth/devstorage.read_only",
                  "https://www.googleapis.com/auth/logging.write",
                  "https://www.googleapis.com/auth/monitoring"
                ],
                "preemptible": true,
                "service_account": "default",
                "shielded_instance_config": [
                  {
                    "enable_integrity_monitoring": true,
                    "enable_secure_boot": false
                  }
                ],
                "tags": [
                  "node-demo-k8s"
                ],
                "taint": [],
                "workload_metadata_config": []
              }
            ],
            "node_locations": [],
            "node_pool": [
              {
                "autoscaling": [],
                "initial_node_count": 4,
                "instance_group_urls": [
                  "https://www.googleapis.com/compute/v1/projects/nodejs-demo2-320713/zones/us-central1-c/instanceGroupManagers/gke-node-demo-k8s-default-pool-44ed9d4d-grp"
                ],
                "management": [
                  {
                    "auto_repair": true,
                    "auto_upgrade": true
                  }
                ],
                "max_pods_per_node": 0,
                "name": "default-pool",
                "name_prefix": "",
                "node_config": [
                  {
                    "disk_size_gb": 100,
                    "disk_type": "pd-standard",
                    "guest_accelerator": [],
                    "image_type": "COS_CONTAINERD",
                    "labels": {},
                    "local_ssd_count": 0,
                    "machine_type": "e2-micro",
                    "metadata": {
                      "disable-legacy-endpoints": "true"
                    },
                    "min_cpu_platform": "",
                    "oauth_scopes": [
                      "https://www.googleapis.com/auth/compute",
                      "https://www.googleapis.com/auth/devstorage.read_only",
                      "https://www.googleapis.com/auth/logging.write",
                      "https://www.googleapis.com/auth/monitoring"
                    ],
                    "preemptible": true,
                    "service_account": "default",
                    "shielded_instance_config": [
                      {
                        "enable_integrity_monitoring": true,
                        "enable_secure_boot": false
                      }
                    ],
                    "tags": [
                      "node-demo-k8s"
                    ],
                    "taint": [],
                    "workload_metadata_config": []
                  }
                ],
                "node_count": 4,
                "node_locations": [
                  "us-central1-c"
                ],
                "upgrade_settings": [
                  {
                    "max_surge": 1,
                    "max_unavailable": 0
                  }
                ],
                "version": "1.20.8-gke.900"
              }
            ],
            "node_version": "1.20.8-gke.900",
            "operation": null,
            "pod_security_policy_config": [],
            "private_cluster_config": [],
            "private_ipv6_google_access": "",
            "project": "nodejs-demo2-320713",
            "release_channel": [
              {
                "channel": "REGULAR"
              }
            ],
            "remove_default_node_pool": null,
            "resource_labels": null,
            "resource_usage_export_config": [],
            "self_link": "https://container.googleapis.com/v1beta1/projects/nodejs-demo2-320713/zones/us-central1-c/clusters/node-demo-k8s",
            "services_ipv4_cidr": "10.3.240.0/20",
            "subnetwork": "projects/nodejs-demo2-320713/regions/us-central1/subnetworks/default",
            "timeouts": {
              "create": "45m",
              "delete": null,
              "read": null,
              "update": "60m"
            },
            "tpu_ipv4_cidr_block": "",
            "vertical_pod_autoscaling": [],
            "workload_identity_config": []
          },
          "sensitive_attributes": [],
          "private": "eyJlMmJmYjczMC1lY2FhLTExZTYtOGY4OC0zNDM2M2JjN2M0YzAiOnsiY3JlYXRlIjoyNzAwMDAwMDAwMDAwLCJkZWxldGUiOjI0MDAwMDAwMDAwMDAsInJlYWQiOjI0MDAwMDAwMDAwMDAsInVwZGF0ZSI6MzYwMDAwMDAwMDAwMH0sInNjaGVtYV92ZXJzaW9uIjoiMSJ9"
        }
      ]
    }
  ]
}
